
Microsoft Visual Studio Solution File, Format Version 12.00
Project("{FAE04EC0-301F-11D3-BF4B-00C04F79EFBC}") = "MultipleAccessToken", "MultipleAccessToken\MultipleAccessToken.csproj", "{6216C9FF-2D5C-47EE-B686-AE23EC062FC7}"
EndProject
Global
	GlobalSection(SolutionConfigurationPlatforms) = preSolution
		Debug|Any CPU = Debug|Any CPU
		Release|Any CPU = Release|Any CPU
	EndGlobalSection
	GlobalSection(ProjectConfigurationPlatforms) = postSolution
		{6216C9FF-2D5C-47EE-B686-AE23EC062FC7}.Debug|Any CPU.ActiveCfg = Debug|Any CPU
		{6216C9FF-2D5C-47EE-B686-AE23EC062FC7}.Debug|Any CPU.Build.0 = Debug|Any CPU
		{6216C9FF-2D5C-47EE-B686-AE23EC062FC7}.Release|Any CPU.ActiveCfg = Release|Any CPU
		{6216C9FF-2D5C-47EE-B686-AE23EC062FC7}.Release|Any CPU.Build.0 = Release|Any CPU
	EndGlobalSection
EndGlobal
